
Microsoft Visual Studio Solution File, Format Version 12.00
# Visual Studio Version 17
VisualStudioVersion = 17.0.31903.59
MinimumVisualStudioVersion = 10.0.40219.1
Project("{FAE04EC0-301F-11D3-BF4B-00C04F79EFBC}") = "MigrationCacheDemo.Api", "MigrationCacheDemo.Api\MigrationCacheDemo.Api.csproj", "{D626BB0D-5EE5-4D1B-A8CC-3821C2DCD6C6}"
EndProject
Project("{FAE04EC0-301F-11D3-BF4B-00C04F79EFBC}") = "MigrationCacheDemo.Migrations", "MigrationCacheDemo.Migrations\MigrationCacheDemo.Migrations.csproj", "{09AE2B4E-9C93-45CD-9BF1-0C47DB3FFF4E}"
EndProject
Global
	GlobalSection(SolutionConfigurationPlatforms) = preSolution
		Debug|Any CPU = Debug|Any CPU
		Release|Any CPU = Release|Any CPU
	EndGlobalSection
	GlobalSection(SolutionProperties) = preSolution
		HideSolutionNode = FALSE
	EndGlobalSection
	GlobalSection(ProjectConfigurationPlatforms) = postSolution
		{D626BB0D-5EE5-4D1B-A8CC-3821C2DCD6C6}.Debug|Any CPU.ActiveCfg = Debug|Any CPU
		{D626BB0D-5EE5-4D1B-A8CC-3821C2DCD6C6}.Debug|Any CPU.Build.0 = Debug|Any CPU
		{D626BB0D-5EE5-4D1B-A8CC-3821C2DCD6C6}.Release|Any CPU.ActiveCfg = Release|Any CPU
		{D626BB0D-5EE5-4D1B-A8CC-3821C2DCD6C6}.Release|Any CPU.Build.0 = Release|Any CPU
		{09AE2B4E-9C93-45CD-9BF1-0C47DB3FFF4E}.Debug|Any CPU.ActiveCfg = Debug|Any CPU
		{09AE2B4E-9C93-45CD-9BF1-0C47DB3FFF4E}.Debug|Any CPU.Build.0 = Debug|Any CPU
		{09AE2B4E-9C93-45CD-9BF1-0C47DB3FFF4E}.Release|Any CPU.ActiveCfg = Release|Any CPU
		{09AE2B4E-9C93-45CD-9BF1-0C47DB3FFF4E}.Release|Any CPU.Build.0 = Release|Any CPU
	EndGlobalSection
EndGlobal
